github.com/antosmichael07/Go-Logger v1.18.0 h1:4S41waZ1f0QQ1Kbj20fBkNOGkeGOXrAMk1XuAXLY/MQ=
github.com/antosmichael07/Go-Logger v1.18.0/go.mod h1:v+v085J0A+Cdi76SanfvKA10216jy45azC6VM+sh16Q=
github.com/antosmichael07/Go-TCP-Connection v1.53.3 h1:hidcfcIGzl91VIQ8T+L+4PGvTlOmlUF55m2wwg+LHNE=
github.com/antosmichael07/Go-TCP-Connection v1.53.3/go.mod h1:cwlW4tExspNdJegnsXVM3111wsaluHCBtxHmPy+DsSs=
