github.com/antosmichael07/Go-Logger v1.17.0 h1:rXpsW3rs7kZDWzOOpn856Q0YQw+oDm6mScBDkN4xD8Y=
github.com/antosmichael07/Go-Logger v1.17.0/go.mod h1:v+v085J0A+Cdi76SanfvKA10216jy45azC6VM+sh16Q=
github.com/antosmichael07/Go-TCP-Connection v1.53.0 h1:wgEJTigN/40UNM3Q/7wluzzlwdDjeToUiHfsu4CMqwo=
github.com/antosmichael07/Go-TCP-Connection v1.53.0/go.mod h1:MpT2kgBQb7g26V6q1fa1pyznn9siEF4rSgMx9yfIhqc=
